
Microsoft Visual Studio Solution File, Format Version 12.00
# Visual Studio Version 16
VisualStudioVersion = 16.0.30114.105
MinimumVisualStudioVersion = 10.0.40219.1
Project("{FAE04EC0-301F-11D3-BF4B-00C04F79EFBC}") = "SharpZip", "SharpZip\SharpZip.csproj", "{BCEF7BE5-837D-4EEF-9DC4-35042C320702}"
EndProject
Global
	GlobalSection(SolutionConfigurationPlatforms) = preSolution
		Debug|Any CPU = Debug|Any CPU
		Release|Any CPU = Release|Any CPU
	EndGlobalSection
	GlobalSection(ProjectConfigurationPlatforms) = postSolution
		{BCEF7BE5-837D-4EEF-9DC4-35042C320702}.Debug|Any CPU.ActiveCfg = Debug|Any CPU
		{BCEF7BE5-837D-4EEF-9DC4-35042C320702}.Debug|Any CPU.Build.0 = Debug|Any CPU
		{BCEF7BE5-837D-4EEF-9DC4-35042C320702}.Release|Any CPU.ActiveCfg = Release|Any CPU
		{BCEF7BE5-837D-4EEF-9DC4-35042C320702}.Release|Any CPU.Build.0 = Release|Any CPU
	EndGlobalSection
	GlobalSection(SolutionProperties) = preSolution
		HideSolutionNode = FALSE
	EndGlobalSection
	GlobalSection(ExtensibilityGlobals) = postSolution
		SolutionGuid = {EE4770F7-A752-4066-953D-84F4FA022FB7}
	EndGlobalSection
EndGlobal
